
Microsoft Visual Studio Solution File, Format Version 12.00
# Visual Studio 15
VisualStudioVersion = 15.0.28010.2048
MinimumVisualStudioVersion = 10.0.40219.1
Project("{FAE04EC0-301F-11D3-BF4B-00C04F79EFBC}") = "PFLReact", "PFLReact\PFLReact.csproj", "{322F3855-21FF-47FB-8D3D-3FAEA89CC99E}"
EndProject
Global
	GlobalSection(SolutionConfigurationPlatforms) = preSolution
		Debug|Any CPU = Debug|Any CPU
		Release|Any CPU = Release|Any CPU
	EndGlobalSection
	GlobalSection(ProjectConfigurationPlatforms) = postSolution
		{322F3855-21FF-47FB-8D3D-3FAEA89CC99E}.Debug|Any CPU.ActiveCfg = Debug|Any CPU
		{322F3855-21FF-47FB-8D3D-3FAEA89CC99E}.Debug|Any CPU.Build.0 = Debug|Any CPU
		{322F3855-21FF-47FB-8D3D-3FAEA89CC99E}.Release|Any CPU.ActiveCfg = Release|Any CPU
		{322F3855-21FF-47FB-8D3D-3FAEA89CC99E}.Release|Any CPU.Build.0 = Release|Any CPU
	EndGlobalSection
	GlobalSection(SolutionProperties) = preSolution
		HideSolutionNode = FALSE
	EndGlobalSection
	GlobalSection(ExtensibilityGlobals) = postSolution
		SolutionGuid = {7FA87B0C-3DE8-4563-A6A9-6459CC45FD35}
	EndGlobalSection
EndGlobal
